// !$*UTF8*$!
{
	archiveVersion = 1;
	classes = {
	};
	objectVersion = 50;
	objects = {

/* Begin PBXBuildFile section */
		DC4800B72535A2A600C99264 /* AppDelegate.swift in Sources */ = {isa = PBXBuildFile; fileRef = DC4800B62535A2A600C99264 /* AppDelegate.swift */; };
		DC4800B92535A2A600C99264 /* SceneDelegate.swift in Sources */ = {isa = PBXBuildFile; fileRef = DC4800B82535A2A600C99264 /* SceneDelegate.swift */; };
		DC4800BB2535A2A600C99264 /* ViewController.swift in Sources */ = {isa = PBXBuildFile; fileRef = DC4800BA2535A2A600C99264 /* ViewController.swift */; };
		DC4800BE2535A2A600C99264 /* Main.storyboard in Resources */ = {isa = PBXBuildFile; fileRef = DC4800BC2535A2A600C99264 /* Main.storyboard */; };
		DC4800C02535A2A800C99264 /* Assets.xcassets in Resources */ = {isa = PBXBuildFile; fileRef = DC4800BF2535A2A800C99264 /* Assets.xcassets */; };
		DC4800C32535A2A800C99264 /* LaunchScreen.storyboard in Resources */ = {isa = PBXBuildFile; fileRef = DC4800C12535A2A800C99264 /* LaunchScreen.storyboard */; };
		DC4800CE2535A2A800C99264 /* MVVM_BoilerplateTests.swift in Sources */ = {isa = PBXBuildFile; fileRef = DC4800CD2535A2A800C99264 /* MVVM_BoilerplateTests.swift */; };
		DC4800D92535A2A900C99264 /* MVVM_BoilerplateUITests.swift in Sources */ = {isa = PBXBuildFile; fileRef = DC4800D82535A2A900C99264 /* MVVM_BoilerplateUITests.swift */; };
/* End PBXBuildFile section */

/* Begin PBXContainerItemProxy section */
		DC4800CA2535A2A800C99264 /* PBXContainerItemProxy */ = {
			isa = PBXContainerItemProxy;
			containerPortal = DC4800AB2535A2A500C99264 /* Project object */;
			proxyType = 1;
			remoteGlobalIDString = DC4800B22535A2A600C99264;
			remoteInfo = "MVVM-Boilerplate";
		};
		DC4800D52535A2A900C99264 /* PBXContainerItemProxy */ = {
			isa = PBXContainerItemProxy;
			containerPortal = DC4800AB2535A2A500C99264 /* Project object */;
			proxyType = 1;
			remoteGlobalIDString = DC4800B22535A2A600C99264;
			remoteInfo = "MVVM-Boilerplate";
		};
/* End PBXContainerItemProxy section */

/* Begin PBXFileReference section */
		DC4800B32535A2A600C99264 /* MVVM-Boilerplate.app */ = {isa = PBXFileReference; explicitFileType = wrapper.application; includeInIndex = 0; path = "MVVM-Boilerplate.app"; sourceTree = BUILT_PRODUCTS_DIR; };
		DC4800B62535A2A600C99264 /* AppDelegate.swift */ = {isa = PBXFileReference; lastKnownFileType = sourcecode.swift; path = AppDelegate.swift; sourceTree = "<group>"; };
		DC4800B82535A2A600C99264 /* SceneDelegate.swift */ = {isa = PBXFileReference; lastKnownFileType = sourcecode.swift; path = SceneDelegate.swift; sourceTree = "<group>"; };
		DC4800BA2535A2A600C99264 /* ViewController.swift */ = {isa = PBXFileReference; lastKnownFileType = sourcecode.swift; path = ViewController.swift; sourceTree = "<group>"; };
		DC4800BD2535A2A600C99264 /* Base */ = {isa = PBXFileReference; lastKnownFileType = file.storyboard; name = Base; path = Base.lproj/Main.storyboard; sourceTree = "<group>"; };
		DC4800BF2535A2A800C99264 /* Assets.xcassets */ = {isa = PBXFileReference; lastKnownFileType = folder.assetcatalog; path = Assets.xcassets; sourceTree = "<group>"; };
		DC4800C22535A2A800C99264 /* Base */ = {isa = PBXFileReference; lastKnownFileType = file.storyboard; name = Base; path = Base.lproj/LaunchScreen.storyboard; sourceTree = "<group>"; };
		DC4800C42535A2A800C99264 /* Info.plist */ = {isa = PBXFileReference; lastKnownFileType = text.plist.xml; path = Info.plist; sourceTree = "<group>"; };
		DC4800C92535A2A800C99264 /* MVVM-BoilerplateTests.xctest */ = {isa = PBXFileReference; explicitFileType = wrapper.cfbundle; includeInIndex = 0; path = "MVVM-BoilerplateTests.xctest"; sourceTree = BUILT_PRODUCTS_DIR; };
		DC4800CD2535A2A800C99264 /* MVVM_BoilerplateTests.swift */ = {isa = PBXFileReference; lastKnownFileType = sourcecode.swift; path = MVVM_BoilerplateTests.swift; sourceTree = "<group>"; };
		DC4800CF2535A2A800C99264 /* Info.plist */ = {isa = PBXFileReference; lastKnownFileType = text.plist.xml; path = Info.plist; sourceTree = "<group>"; };
		DC4800D42535A2A900C99264 /* MVVM-BoilerplateUITests.xctest */ = {isa = PBXFileReference; explicitFileType = wrapper.cfbundle; includeInIndex = 0; path = "MVVM-BoilerplateUITests.xctest"; sourceTree = BUILT_PRODUCTS_DIR; };
		DC4800D82535A2A900C99264 /* MVVM_BoilerplateUITests.swift */ = {isa = PBXFileReference; lastKnownFileType = sourcecode.swift; path = MVVM_BoilerplateUITests.swift; sourceTree = "<group>"; };
		DC4800DA2535A2A900C99264 /* Info.plist */ = {isa = PBXFileReference; lastKnownFileType = text.plist.xml; path = Info.plist; sourceTree = "<group>"; };
/* End PBXFileReference section */

/* Begin PBXFrameworksBuildPhase section */
		DC4800B02535A2A600C99264 /* Frameworks */ = {
			isa = PBXFrameworksBuildPhase;
			buildActionMask = 2147483647;
			files = (
			);
			runOnlyForDeploymentPostprocessing = 0;
		};
		DC4800C62535A2A800C99264 /* Frameworks */ = {
			isa = PBXFrameworksBuildPhase;
			buildActionMask = 2147483647;
			files = (
			);
			runOnlyForDeploymentPostprocessing = 0;
		};
		DC4800D12535A2A900C99264 /* Frameworks */ = {
			isa = PBXFrameworksBuildPhase;
			buildActionMask = 2147483647;
			files = (
			);
			runOnlyForDeploymentPostprocessing = 0;
		};
/* End PBXFrameworksBuildPhase section */

/* Begin PBXGroup section */
		DC4800AA2535A2A500C99264 = {
			isa = PBXGroup;
			children = (
				DC4800B52535A2A600C99264 /* MVVM-Boilerplate */,
				DC4800CC2535A2A800C99264 /* MVVM-BoilerplateTests */,
				DC4800D72535A2A900C99264 /* MVVM-BoilerplateUITests */,
				DC4800B42535A2A600C99264 /* Products */,
			);
			sourceTree = "<group>";
		};
		DC4800B42535A2A600C99264 /* Products */ = {
			isa = PBXGroup;
			children = (
				DC4800B32535A2A600C99264 /* MVVM-Boilerplate.app */,
				DC4800C92535A2A800C99264 /* MVVM-BoilerplateTests.xctest */,
				DC4800D42535A2A900C99264 /* MVVM-BoilerplateUITests.xctest */,
			);
			name = Products;
			sourceTree = "<group>";
		};
		DC4800B52535A2A600C99264 /* MVVM-Boilerplate */ = {
			isa = PBXGroup;
			children = (
				DC4800B62535A2A600C99264 /* AppDelegate.swift */,
				DC4800B82535A2A600C99264 /* SceneDelegate.swift */,
				DC4800BA2535A2A600C99264 /* ViewController.swift */,
				DC4800BC2535A2A600C99264 /* Main.storyboard */,
				DC4800BF2535A2A800C99264 /* Assets.xcassets */,
				DC4800C12535A2A800C99264 /* LaunchScreen.storyboard */,
				DC4800C42535A2A800C99264 /* Info.plist */,
			);
			path = "MVVM-Boilerplate";
			sourceTree = "<group>";
		};
		DC4800CC2535A2A800C99264 /* MVVM-BoilerplateTests */ = {
			isa = PBXGroup;
			children = (
				DC4800CD2535A2A800C99264 /* MVVM_BoilerplateTests.swift */,
				DC4800CF2535A2A800C99264 /* Info.plist */,
			);
			path = "MVVM-BoilerplateTests";
			sourceTree = "<group>";
		};
		DC4800D72535A2A900C99264 /* MVVM-BoilerplateUITests */ = {
			isa = PBXGroup;
			children = (
				DC4800D82535A2A900C99264 /* MVVM_BoilerplateUITests.swift */,
				DC4800DA2535A2A900C99264 /* Info.plist */,
			);
			path = "MVVM-BoilerplateUITests";
			sourceTree = "<group>";
		};
/* End PBXGroup section */

/* Begin PBXNativeTarget section */
		DC4800B22535A2A600C99264 /* MVVM-Boilerplate */ = {
			isa = PBXNativeTarget;
			buildConfigurationList = DC4800DD2535A2A900C99264 /* Build configuration list for PBXNativeTarget "MVVM-Boilerplate" */;
			buildPhases = (
				DC4800AF2535A2A600C99264 /* Sources */,
				DC4800B02535A2A600C99264 /* Frameworks */,
				DC4800B12535A2A600C99264 /* Resources */,
			);
			buildRules = (
			);
			dependencies = (
			);
			name = "MVVM-Boilerplate";
			productName = "MVVM-Boilerplate";
			productReference = DC4800B32535A2A600C99264 /* MVVM-Boilerplate.app */;
			productType = "com.apple.product-type.application";
		};
		DC4800C82535A2A800C99264 /* MVVM-BoilerplateTests */ = {
			isa = PBXNativeTarget;
			buildConfigurationList = DC4800E02535A2A900C99264 /* Build configuration list for PBXNativeTarget "MVVM-BoilerplateTests" */;
			buildPhases = (
				DC4800C52535A2A800C99264 /* Sources */,
				DC4800C62535A2A800C99264 /* Frameworks */,
				DC4800C72535A2A800C99264 /* Resources */,
			);
			buildRules = (
			);
			dependencies = (
				DC4800CB2535A2A800C99264 /* PBXTargetDependency */,
			);
			name = "MVVM-BoilerplateTests";
			productName = "MVVM-BoilerplateTests";
			productReference = DC4800C92535A2A800C99264 /* MVVM-BoilerplateTests.xctest */;
			productType = "com.apple.product-type.bundle.unit-test";
		};
		DC4800D32535A2A900C99264 /* MVVM-BoilerplateUITests */ = {
			isa = PBXNativeTarget;
			buildConfigurationList = DC4800E32535A2A900C99264 /* Build configuration list for PBXNativeTarget "MVVM-BoilerplateUITests" */;
			buildPhases = (
				DC4800D02535A2A900C99264 /* Sources */,
				DC4800D12535A2A900C99264 /* Frameworks */,
				DC4800D22535A2A900C99264 /* Resources */,
			);
			buildRules = (
			);
			dependencies = (
				DC4800D62535A2A900C99264 /* PBXTargetDependency */,
			);
			name = "MVVM-BoilerplateUITests";
			productName = "MVVM-BoilerplateUITests";
			productReference = DC4800D42535A2A900C99264 /* MVVM-BoilerplateUITests.xctest */;
			productType = "com.apple.product-type.bundle.ui-testing";
		};
/* End PBXNativeTarget section */

/* Begin PBXProject section */
		DC4800AB2535A2A500C99264 /* Project object */ = {
			isa = PBXProject;
			attributes = {
				LastSwiftUpdateCheck = 1200;
				LastUpgradeCheck = 1200;
				TargetAttributes = {
					DC4800B22535A2A600C99264 = {
						CreatedOnToolsVersion = 12.0.1;
					};
					DC4800C82535A2A800C99264 = {
						CreatedOnToolsVersion = 12.0.1;
						TestTargetID = DC4800B22535A2A600C99264;
					};
					DC4800D32535A2A900C99264 = {
						CreatedOnToolsVersion = 12.0.1;
						TestTargetID = DC4800B22535A2A600C99264;
					};
				};
			};
			buildConfigurationList = DC4800AE2535A2A600C99264 /* Build configuration list for PBXProject "MVVM-Boilerplate" */;
			compatibilityVersion = "Xcode 9.3";
			developmentRegion = en;
			hasScannedForEncodings = 0;
			knownRegions = (
				en,
				Base,
			);
			mainGroup = DC4800AA2535A2A500C99264;
			productRefGroup = DC4800B42535A2A600C99264 /* Products */;
			projectDirPath = "";
			projectRoot = "";
			targets = (
				DC4800B22535A2A600C99264 /* MVVM-Boilerplate */,
				DC4800C82535A2A800C99264 /* MVVM-BoilerplateTests */,
				DC4800D32535A2A900C99264 /* MVVM-BoilerplateUITests */,
			);
		};
/* End PBXProject section */

/* Begin PBXResourcesBuildPhase section */
		DC4800B12535A2A600C99264 /* Resources */ = {
			isa = PBXResourcesBuildPhase;
			buildActionMask = 2147483647;
			files = (
				DC4800C32535A2A800C99264 /* LaunchScreen.storyboard in Resources */,
				DC4800C02535A2A800C99264 /* Assets.xcassets in Resources */,
				DC4800BE2535A2A600C99264 /* Main.storyboard in Resources */,
			);
			runOnlyForDeploymentPostprocessing = 0;
		};
		DC4800C72535A2A800C99264 /* Resources */ = {
			isa = PBXResourcesBuildPhase;
			buildActionMask = 2147483647;
			files = (
			);
			runOnlyForDeploymentPostprocessing = 0;
		};
		DC4800D22535A2A900C99264 /* Resources */ = {
			isa = PBXResourcesBuildPhase;
			buildActionMask = 2147483647;
			files = (
			);
			runOnlyForDeploymentPostprocessing = 0;
		};
/* End PBXResourcesBuildPhase section */

/* Begin PBXSourcesBuildPhase section */
		DC4800AF2535A2A600C99264 /* Sources */ = {
			isa = PBXSourcesBuildPhase;
			buildActionMask = 2147483647;
			files = (
				DC4800BB2535A2A600C99264 /* ViewController.swift in Sources */,
				DC4800B72535A2A600C99264 /* AppDelegate.swift in Sources */,
				DC4800B92535A2A600C99264 /* SceneDelegate.swift in Sources */,
			);
			runOnlyForDeploymentPostprocessing = 0;
		};
		DC4800C52535A2A800C99264 /* Sources */ = {
			isa = PBXSourcesBuildPhase;
			buildActionMask = 2147483647;
			files = (
				DC4800CE2535A2A800C99264 /* MVVM_BoilerplateTests.swift in Sources */,
			);
			runOnlyForDeploymentPostprocessing = 0;
		};
		DC4800D02535A2A900C99264 /* Sources */ = {
			isa = PBXSourcesBuildPhase;
			buildActionMask = 2147483647;
			files = (
				DC4800D92535A2A900C99264 /* MVVM_BoilerplateUITests.swift in Sources */,
			);
			runOnlyForDeploymentPostprocessing = 0;
		};
/* End PBXSourcesBuildPhase section */

/* Begin PBXTargetDependency section */
		DC4800CB2535A2A800C99264 /* PBXTargetDependency */ = {
			isa = PBXTargetDependency;
			target = DC4800B22535A2A600C99264 /* MVVM-Boilerplate */;
			targetProxy = DC4800CA2535A2A800C99264 /* PBXContainerItemProxy */;
		};
		DC4800D62535A2A900C99264 /* PBXTargetDependency */ = {
			isa = PBXTargetDependency;
			target = DC4800B22535A2A600C99264 /* MVVM-Boilerplate */;
			targetProxy = DC4800D52535A2A900C99264 /* PBXContainerItemProxy */;
		};
/* End PBXTargetDependency section */

/* Begin PBXVariantGroup section */
		DC4800BC2535A2A600C99264 /* Main.storyboard */ = {
			isa = PBXVariantGroup;
			children = (
				DC4800BD2535A2A600C99264 /* Base */,
			);
			name = Main.storyboard;
			sourceTree = "<group>";
		};
		DC4800C12535A2A800C99264 /* LaunchScreen.storyboard */ = {
			isa = PBXVariantGroup;
			children = (
				DC4800C22535A2A800C99264 /* Base */,
			);
			name = LaunchScreen.storyboard;
			sourceTree = "<group>";
		};
/* End PBXVariantGroup section */

/* Begin XCBuildConfiguration section */
		DC4800DB2535A2A900C99264 /* Debug */ = {
			isa = XCBuildConfiguration;
			buildSettings = {
				ALWAYS_SEARCH_USER_PATHS = NO;
				CLANG_ANALYZER_NONNULL = YES;
				CLANG_ANALYZER_NUMBER_OBJECT_CONVERSION = YES_AGGRESSIVE;
				CLANG_CXX_LANGUAGE_STANDARD = "gnu++14";
				CLANG_CXX_LIBRARY = "libc++";
				CLANG_ENABLE_MODULES = YES;
				CLANG_ENABLE_OBJC_ARC = YES;
				CLANG_ENABLE_OBJC_WEAK = YES;
				CLANG_WARN_BLOCK_CAPTURE_AUTORELEASING = YES;
				CLANG_WARN_BOOL_CONVERSION = YES;
				CLANG_WARN_COMMA = YES;
				CLANG_WARN_CONSTANT_CONVERSION = YES;
				CLANG_WARN_DEPRECATED_OBJC_IMPLEMENTATIONS = YES;
				CLANG_WARN_DIRECT_OBJC_ISA_USAGE = YES_ERROR;
				CLANG_WARN_DOCUMENTATION_COMMENTS = YES;
				CLANG_WARN_EMPTY_BODY = YES;
				CLANG_WARN_ENUM_CONVERSION = YES;
				CLANG_WARN_INFINITE_RECURSION = YES;
				CLANG_WARN_INT_CONVERSION = YES;
				CLANG_WARN_NON_LITERAL_NULL_CONVERSION = YES;
				CLANG_WARN_OBJC_IMPLICIT_RETAIN_SELF = YES;
				CLANG_WARN_OBJC_LITERAL_CONVERSION = YES;
				CLANG_WARN_OBJC_ROOT_CLASS = YES_ERROR;
				CLANG_WARN_QUOTED_INCLUDE_IN_FRAMEWORK_HEADER = YES;
				CLANG_WARN_RANGE_LOOP_ANALYSIS = YES;
				CLANG_WARN_STRICT_PROTOTYPES = YES;
				CLANG_WARN_SUSPICIOUS_MOVE = YES;
				CLANG_WARN_UNGUARDED_AVAILABILITY = YES_AGGRESSIVE;
				CLANG_WARN_UNREACHABLE_CODE = YES;
				CLANG_WARN__DUPLICATE_METHOD_MATCH = YES;
				COPY_PHASE_STRIP = NO;
				DEBUG_INFORMATION_FORMAT = dwarf;
				ENABLE_STRICT_OBJC_MSGSEND = YES;
				ENABLE_TESTABILITY = YES;
				GCC_C_LANGUAGE_STANDARD = gnu11;
				GCC_DYNAMIC_NO_PIC = NO;
				GCC_NO_COMMON_BLOCKS = YES;
				GCC_OPTIMIZATION_LEVEL = 0;
				GCC_PREPROCESSOR_DEFINITIONS = (
					"DEBUG=1",
					"$(inherited)",
				);
				GCC_WARN_64_TO_32_BIT_CONVERSION = YES;
				GCC_WARN_ABOUT_RETURN_TYPE = YES_ERROR;
				GCC_WARN_UNDECLARED_SELECTOR = YES;
				GCC_WARN_UNINITIALIZED_AUTOS = YES_AGGRESSIVE;
				GCC_WARN_UNUSED_FUNCTION = YES;
				GCC_WARN_UNUSED_VARIABLE = YES;
				IPHONEOS_DEPLOYMENT_TARGET = 14.0;
				MTL_ENABLE_DEBUG_INFO = INCLUDE_SOURCE;
				MTL_FAST_MATH = YES;
				ONLY_ACTIVE_ARCH = YES;
				SDKROOT = iphoneos;
				SWIFT_ACTIVE_COMPILATION_CONDITIONS = DEBUG;
				SWIFT_OPTIMIZATION_LEVEL = "-Onone";
			};
			name = Debug;
		};
		DC4800DC2535A2A900C99264 /* Release */ = {
			isa = XCBuildConfiguration;
			buildSettings = {
				ALWAYS_SEARCH_USER_PATHS = NO;
				CLANG_ANALYZER_NONNULL = YES;
				CLANG_ANALYZER_NUMBER_OBJECT_CONVERSION = YES_AGGRESSIVE;
				CLANG_CXX_LANGUAGE_STANDARD = "gnu++14";
				CLANG_CXX_LIBRARY = "libc++";
				CLANG_ENABLE_MODULES = YES;
				CLANG_ENABLE_OBJC_ARC = YES;
				CLANG_ENABLE_OBJC_WEAK = YES;
				CLANG_WARN_BLOCK_CAPTURE_AUTORELEASING = YES;
				CLANG_WARN_BOOL_CONVERSION = YES;
				CLANG_WARN_COMMA = YES;
				CLANG_WARN_CONSTANT_CONVERSION = YES;
				CLANG_WARN_DEPRECATED_OBJC_IMPLEMENTATIONS = YES;
				CLANG_WARN_DIRECT_OBJC_ISA_USAGE = YES_ERROR;
				CLANG_WARN_DOCUMENTATION_COMMENTS = YES;
				CLANG_WARN_EMPTY_BODY = YES;
				CLANG_WARN_ENUM_CONVERSION = YES;
				CLANG_WARN_INFINITE_RECURSION = YES;
				CLANG_WARN_INT_CONVERSION = YES;
				CLANG_WARN_NON_LITERAL_NULL_CONVERSION = YES;
				CLANG_WARN_OBJC_IMPLICIT_RETAIN_SELF = YES;
				CLANG_WARN_OBJC_LITERAL_CONVERSION = YES;
				CLANG_WARN_OBJC_ROOT_CLASS = YES_ERROR;
				CLANG_WARN_QUOTED_INCLUDE_IN_FRAMEWORK_HEADER = YES;
				CLANG_WARN_RANGE_LOOP_ANALYSIS = YES;
				CLANG_WARN_STRICT_PROTOTYPES = YES;
				CLANG_WARN_SUSPICIOUS_MOVE = YES;
				CLANG_WARN_UNGUARDED_AVAILABILITY = YES_AGGRESSIVE;
				CLANG_WARN_UNREACHABLE_CODE = YES;
				CLANG_WARN__DUPLICATE_METHOD_MATCH = YES;
				COPY_PHASE_STRIP = NO;
				DEBUG_INFORMATION_FORMAT = "dwarf-with-dsym";
				ENABLE_NS_ASSERTIONS = NO;
				ENABLE_STRICT_OBJC_MSGSEND = YES;
				GCC_C_LANGUAGE_STANDARD = gnu11;
				GCC_NO_COMMON_BLOCKS = YES;
				GCC_WARN_64_TO_32_BIT_CONVERSION = YES;
				GCC_WARN_ABOUT_RETURN_TYPE = YES_ERROR;
				GCC_WARN_UNDECLARED_SELECTOR = YES;
				GCC_WARN_UNINITIALIZED_AUTOS = YES_AGGRESSIVE;
				GCC_WARN_UNUSED_FUNCTION = YES;
				GCC_WARN_UNUSED_VARIABLE = YES;
				IPHONEOS_DEPLOYMENT_TARGET = 14.0;
				MTL_ENABLE_DEBUG_INFO = NO;
				MTL_FAST_MATH = YES;
				SDKROOT = iphoneos;
				SWIFT_COMPILATION_MODE = wholemodule;
				SWIFT_OPTIMIZATION_LEVEL = "-O";
				VALIDATE_PRODUCT = YES;
			};
			name = Release;
		};
		DC4800DE2535A2A900C99264 /* Debug */ = {
			isa = XCBuildConfiguration;
			buildSettings = {
				ASSETCATALOG_COMPILER_APPICON_NAME = AppIcon;
				ASSETCATALOG_COMPILER_GLOBAL_ACCENT_COLOR_NAME = AccentColor;
				CODE_SIGN_STYLE = Automatic;
				INFOPLIST_FILE = "MVVM-Boilerplate/Info.plist";
				LD_RUNPATH_SEARCH_PATHS = (
					"$(inherited)",
					"@executable_path/Frameworks",
				);
				PRODUCT_BUNDLE_IDENTIFIER = "com.laubengaier.MVVM-Boilerplate";
				PRODUCT_NAME = "$(TARGET_NAME)";
				SWIFT_VERSION = 5.0;
				TARGETED_DEVICE_FAMILY = "1,2";
			};
			name = Debug;
		};
		DC4800DF2535A2A900C99264 /* Release */ = {
			isa = XCBuildConfiguration;
			buildSettings = {
				ASSETCATALOG_COMPILER_APPICON_NAME = AppIcon;
				ASSETCATALOG_COMPILER_GLOBAL_ACCENT_COLOR_NAME = AccentColor;
				CODE_SIGN_STYLE = Automatic;
				INFOPLIST_FILE = "MVVM-Boilerplate/Info.plist";
				LD_RUNPATH_SEARCH_PATHS = (
					"$(inherited)",
					"@executable_path/Frameworks",
				);
				PRODUCT_BUNDLE_IDENTIFIER = "com.laubengaier.MVVM-Boilerplate";
				PRODUCT_NAME = "$(TARGET_NAME)";
				SWIFT_VERSION = 5.0;
				TARGETED_DEVICE_FAMILY = "1,2";
			};
			name = Release;
		};
		DC4800E12535A2A900C99264 /* Debug */ = {
			isa = XCBuildConfiguration;
			buildSettings = {
				ALWAYS_EMBED_SWIFT_STANDARD_LIBRARIES = YES;
				BUNDLE_LOADER = "$(TEST_HOST)";
				CODE_SIGN_STYLE = Automatic;
				INFOPLIST_FILE = "MVVM-BoilerplateTests/Info.plist";
				IPHONEOS_DEPLOYMENT_TARGET = 14.0;
				LD_RUNPATH_SEARCH_PATHS = (
					"$(inherited)",
					"@executable_path/Frameworks",
					"@loader_path/Frameworks",
				);
				PRODUCT_BUNDLE_IDENTIFIER = "com.laubengaier.MVVM-BoilerplateTests";
				PRODUCT_NAME = "$(TARGET_NAME)";
				SWIFT_VERSION = 5.0;
				TARGETED_DEVICE_FAMILY = "1,2";
				TEST_HOST = "$(BUILT_PRODUCTS_DIR)/MVVM-Boilerplate.app/MVVM-Boilerplate";
			};
			name = Debug;
		};
		DC4800E22535A2A900C99264 /* Release */ = {
			isa = XCBuildConfiguration;
			buildSettings = {
				ALWAYS_EMBED_SWIFT_STANDARD_LIBRARIES = YES;
				BUNDLE_LOADER = "$(TEST_HOST)";
				CODE_SIGN_STYLE = Automatic;
				INFOPLIST_FILE = "MVVM-BoilerplateTests/Info.plist";
				IPHONEOS_DEPLOYMENT_TARGET = 14.0;
				LD_RUNPATH_SEARCH_PATHS = (
					"$(inherited)",
					"@executable_path/Frameworks",
					"@loader_path/Frameworks",
				);
				PRODUCT_BUNDLE_IDENTIFIER = "com.laubengaier.MVVM-BoilerplateTests";
				PRODUCT_NAME = "$(TARGET_NAME)";
				SWIFT_VERSION = 5.0;
				TARGETED_DEVICE_FAMILY = "1,2";
				TEST_HOST = "$(BUILT_PRODUCTS_DIR)/MVVM-Boilerplate.app/MVVM-Boilerplate";
			};
			name = Release;
		};
		DC4800E42535A2A900C99264 /* Debug */ = {
			isa = XCBuildConfiguration;
			buildSettings = {
				ALWAYS_EMBED_SWIFT_STANDARD_LIBRARIES = YES;
				CODE_SIGN_STYLE = Automatic;
				INFOPLIST_FILE = "MVVM-BoilerplateUITests/Info.plist";
				LD_RUNPATH_SEARCH_PATHS = (
					"$(inherited)",
					"@executable_path/Frameworks",
					"@loader_path/Frameworks",
				);
				PRODUCT_BUNDLE_IDENTIFIER = "com.laubengaier.MVVM-BoilerplateUITests";
				PRODUCT_NAME = "$(TARGET_NAME)";
				SWIFT_VERSION = 5.0;
				TARGETED_DEVICE_FAMILY = "1,2";
				TEST_TARGET_NAME = "MVVM-Boilerplate";
			};
			name = Debug;
		};
		DC4800E52535A2A900C99264 /* Release */ = {
			isa = XCBuildConfiguration;
			buildSettings = {
				ALWAYS_EMBED_SWIFT_STANDARD_LIBRARIES = YES;
				CODE_SIGN_STYLE = Automatic;
				INFOPLIST_FILE = "MVVM-BoilerplateUITests/Info.plist";
				LD_RUNPATH_SEARCH_PATHS = (
					"$(inherited)",
					"@executable_path/Frameworks",
					"@loader_path/Frameworks",
				);
				PRODUCT_BUNDLE_IDENTIFIER = "com.laubengaier.MVVM-BoilerplateUITests";
				PRODUCT_NAME = "$(TARGET_NAME)";
				SWIFT_VERSION = 5.0;
				TARGETED_DEVICE_FAMILY = "1,2";
				TEST_TARGET_NAME = "MVVM-Boilerplate";
			};
			name = Release;
		};
/* End XCBuildConfiguration section */

/* Begin XCConfigurationList section */
		DC4800AE2535A2A600C99264 /* Build configuration list for PBXProject "MVVM-Boilerplate" */ = {
			isa = XCConfigurationList;
			buildConfigurations = (
				DC4800DB2535A2A900C99264 /* Debug */,
				DC4800DC2535A2A900C99264 /* Release */,
			);
			defaultConfigurationIsVisible = 0;
			defaultConfigurationName = Release;
		};
		DC4800DD2535A2A900C99264 /* Build configuration list for PBXNativeTarget "MVVM-Boilerplate" */ = {
			isa = XCConfigurationList;
			buildConfigurations = (
				DC4800DE2535A2A900C99264 /* Debug */,
				DC4800DF2535A2A900C99264 /* Release */,
			);
			defaultConfigurationIsVisible = 0;
			defaultConfigurationName = Release;
		};
		DC4800E02535A2A900C99264 /* Build configuration list for PBXNativeTarget "MVVM-BoilerplateTests" */ = {
			isa = XCConfigurationList;
			buildConfigurations = (
				DC4800E12535A2A900C99264 /* Debug */,
				DC4800E22535A2A900C99264 /* Release */,
			);
			defaultConfigurationIsVisible = 0;
			defaultConfigurationName = Release;
		};
		DC4800E32535A2A900C99264 /* Build configuration list for PBXNativeTarget "MVVM-BoilerplateUITests" */ = {
			isa = XCConfigurationList;
			buildConfigurations = (
				DC4800E42535A2A900C99264 /* Debug */,
				DC4800E52535A2A900C99264 /* Release */,
			);
			defaultConfigurationIsVisible = 0;
			defaultConfigurationName = Release;
		};
/* End XCConfigurationList section */
	};
	rootObject = DC4800AB2535A2A500C99264 /* Project object */;
}
