// !$*UTF8*$!
{
	archiveVersion = 1;
	classes = {
	};
	objectVersion = 52;
	objects = {

/* Begin PBXBuildFile section */
		DC4800F62535A3CD00C99264 /* AppDelegate.swift in Sources */ = {isa = PBXBuildFile; fileRef = DC4800F52535A3CD00C99264 /* AppDelegate.swift */; };
		DC4800F82535A3CD00C99264 /* SceneDelegate.swift in Sources */ = {isa = PBXBuildFile; fileRef = DC4800F72535A3CD00C99264 /* SceneDelegate.swift */; };
		DC4800FA2535A3CD00C99264 /* ViewController.swift in Sources */ = {isa = PBXBuildFile; fileRef = DC4800F92535A3CD00C99264 /* ViewController.swift */; };
		DC4800FD2535A3CD00C99264 /* Main.storyboard in Resources */ = {isa = PBXBuildFile; fileRef = DC4800FB2535A3CD00C99264 /* Main.storyboard */; };
		DC4800FF2535A3CF00C99264 /* Assets.xcassets in Resources */ = {isa = PBXBuildFile; fileRef = DC4800FE2535A3CF00C99264 /* Assets.xcassets */; };
		DC4801022535A3CF00C99264 /* LaunchScreen.storyboard in Resources */ = {isa = PBXBuildFile; fileRef = DC4801002535A3CF00C99264 /* LaunchScreen.storyboard */; };
		DC48010D2535A3CF00C99264 /* MVVMTests.swift in Sources */ = {isa = PBXBuildFile; fileRef = DC48010C2535A3CF00C99264 /* MVVMTests.swift */; };
		DC4801182535A3CF00C99264 /* MVVMUITests.swift in Sources */ = {isa = PBXBuildFile; fileRef = DC4801172535A3CF00C99264 /* MVVMUITests.swift */; };
		DC48012E2535A53300C99264 /* RxSwift in Frameworks */ = {isa = PBXBuildFile; productRef = DC48012D2535A53300C99264 /* RxSwift */; };
		DC4801302535A53400C99264 /* RxCocoa in Frameworks */ = {isa = PBXBuildFile; productRef = DC48012F2535A53400C99264 /* RxCocoa */; };
		DC4801322535A53400C99264 /* RxRelay in Frameworks */ = {isa = PBXBuildFile; productRef = DC4801312535A53400C99264 /* RxRelay */; };
		DC4801382535A57C00C99264 /* Moya in Frameworks */ = {isa = PBXBuildFile; productRef = DC4801372535A57C00C99264 /* Moya */; };
		DC48013A2535A57C00C99264 /* ReactiveMoya in Frameworks */ = {isa = PBXBuildFile; productRef = DC4801392535A57C00C99264 /* ReactiveMoya */; };
		DC48013C2535A57C00C99264 /* RxMoya in Frameworks */ = {isa = PBXBuildFile; productRef = DC48013B2535A57C00C99264 /* RxMoya */; };
		DC4801422535A59300C99264 /* RxFlow in Frameworks */ = {isa = PBXBuildFile; productRef = DC4801412535A59300C99264 /* RxFlow */; };
		DC48014B2535A7D700C99264 /* AppFlow.swift in Sources */ = {isa = PBXBuildFile; fileRef = DC48014A2535A7D700C99264 /* AppFlow.swift */; };
		DC4801572535A81A00C99264 /* AppStepper.swift in Sources */ = {isa = PBXBuildFile; fileRef = DC4801562535A81A00C99264 /* AppStepper.swift */; };
		DC48015C2535A87500C99264 /* AppStep.swift in Sources */ = {isa = PBXBuildFile; fileRef = DC48015B2535A87500C99264 /* AppStep.swift */; };
		DC4801642535A90D00C99264 /* AppServices.swift in Sources */ = {isa = PBXBuildFile; fileRef = DC4801632535A90D00C99264 /* AppServices.swift */; };
		DC4801692535A93800C99264 /* DashboardVC.swift in Sources */ = {isa = PBXBuildFile; fileRef = DC4801682535A93700C99264 /* DashboardVC.swift */; };
		DC48016E2535A93D00C99264 /* DasboardVM.swift in Sources */ = {isa = PBXBuildFile; fileRef = DC48016D2535A93D00C99264 /* DasboardVM.swift */; };
		DC4801772535ABF000C99264 /* Differentiator in Frameworks */ = {isa = PBXBuildFile; productRef = DC4801762535ABF000C99264 /* Differentiator */; };
		DC4801792535ABF000C99264 /* RxDataSources in Frameworks */ = {isa = PBXBuildFile; productRef = DC4801782535ABF000C99264 /* RxDataSources */; };
		DC48017F2535AC3F00C99264 /* SnapKit in Frameworks */ = {isa = PBXBuildFile; productRef = DC48017E2535AC3F00C99264 /* SnapKit */; };
		DC48018B2535B68C00C99264 /* MovieDetailVM.swift in Sources */ = {isa = PBXBuildFile; fileRef = DC48018A2535B68C00C99264 /* MovieDetailVM.swift */; };
		DC4801902535B69200C99264 /* MovieDetailVC.swift in Sources */ = {isa = PBXBuildFile; fileRef = DC48018F2535B69200C99264 /* MovieDetailVC.swift */; };
/* End PBXBuildFile section */

/* Begin PBXContainerItemProxy section */
		DC4801092535A3CF00C99264 /* PBXContainerItemProxy */ = {
			isa = PBXContainerItemProxy;
			containerPortal = DC4800EA2535A3CD00C99264 /* Project object */;
			proxyType = 1;
			remoteGlobalIDString = DC4800F12535A3CD00C99264;
			remoteInfo = MVVM;
		};
		DC4801142535A3CF00C99264 /* PBXContainerItemProxy */ = {
			isa = PBXContainerItemProxy;
			containerPortal = DC4800EA2535A3CD00C99264 /* Project object */;
			proxyType = 1;
			remoteGlobalIDString = DC4800F12535A3CD00C99264;
			remoteInfo = MVVM;
		};
/* End PBXContainerItemProxy section */

/* Begin PBXFileReference section */
		DC4800F22535A3CD00C99264 /* MVVM.app */ = {isa = PBXFileReference; explicitFileType = wrapper.application; includeInIndex = 0; path = MVVM.app; sourceTree = BUILT_PRODUCTS_DIR; };
		DC4800F52535A3CD00C99264 /* AppDelegate.swift */ = {isa = PBXFileReference; lastKnownFileType = sourcecode.swift; path = AppDelegate.swift; sourceTree = "<group>"; };
		DC4800F72535A3CD00C99264 /* SceneDelegate.swift */ = {isa = PBXFileReference; lastKnownFileType = sourcecode.swift; path = SceneDelegate.swift; sourceTree = "<group>"; };
		DC4800F92535A3CD00C99264 /* ViewController.swift */ = {isa = PBXFileReference; lastKnownFileType = sourcecode.swift; path = ViewController.swift; sourceTree = "<group>"; };
		DC4800FC2535A3CD00C99264 /* Base */ = {isa = PBXFileReference; lastKnownFileType = file.storyboard; name = Base; path = Base.lproj/Main.storyboard; sourceTree = "<group>"; };
		DC4800FE2535A3CF00C99264 /* Assets.xcassets */ = {isa = PBXFileReference; lastKnownFileType = folder.assetcatalog; path = Assets.xcassets; sourceTree = "<group>"; };
		DC4801012535A3CF00C99264 /* Base */ = {isa = PBXFileReference; lastKnownFileType = file.storyboard; name = Base; path = Base.lproj/LaunchScreen.storyboard; sourceTree = "<group>"; };
		DC4801032535A3CF00C99264 /* Info.plist */ = {isa = PBXFileReference; lastKnownFileType = text.plist.xml; path = Info.plist; sourceTree = "<group>"; };
		DC4801082535A3CF00C99264 /* MVVMTests.xctest */ = {isa = PBXFileReference; explicitFileType = wrapper.cfbundle; includeInIndex = 0; path = MVVMTests.xctest; sourceTree = BUILT_PRODUCTS_DIR; };
		DC48010C2535A3CF00C99264 /* MVVMTests.swift */ = {isa = PBXFileReference; lastKnownFileType = sourcecode.swift; path = MVVMTests.swift; sourceTree = "<group>"; };
		DC48010E2535A3CF00C99264 /* Info.plist */ = {isa = PBXFileReference; lastKnownFileType = text.plist.xml; path = Info.plist; sourceTree = "<group>"; };
		DC4801132535A3CF00C99264 /* MVVMUITests.xctest */ = {isa = PBXFileReference; explicitFileType = wrapper.cfbundle; includeInIndex = 0; path = MVVMUITests.xctest; sourceTree = BUILT_PRODUCTS_DIR; };
		DC4801172535A3CF00C99264 /* MVVMUITests.swift */ = {isa = PBXFileReference; lastKnownFileType = sourcecode.swift; path = MVVMUITests.swift; sourceTree = "<group>"; };
		DC4801192535A3CF00C99264 /* Info.plist */ = {isa = PBXFileReference; lastKnownFileType = text.plist.xml; path = Info.plist; sourceTree = "<group>"; };
		DC48014A2535A7D700C99264 /* AppFlow.swift */ = {isa = PBXFileReference; lastKnownFileType = sourcecode.swift; path = AppFlow.swift; sourceTree = "<group>"; };
		DC4801562535A81A00C99264 /* AppStepper.swift */ = {isa = PBXFileReference; lastKnownFileType = sourcecode.swift; path = AppStepper.swift; sourceTree = "<group>"; };
		DC48015B2535A87500C99264 /* AppStep.swift */ = {isa = PBXFileReference; lastKnownFileType = sourcecode.swift; path = AppStep.swift; sourceTree = "<group>"; };
		DC4801632535A90D00C99264 /* AppServices.swift */ = {isa = PBXFileReference; lastKnownFileType = sourcecode.swift; path = AppServices.swift; sourceTree = "<group>"; };
		DC4801682535A93700C99264 /* DashboardVC.swift */ = {isa = PBXFileReference; lastKnownFileType = sourcecode.swift; path = DashboardVC.swift; sourceTree = "<group>"; };
		DC48016D2535A93D00C99264 /* DasboardVM.swift */ = {isa = PBXFileReference; lastKnownFileType = sourcecode.swift; path = DasboardVM.swift; sourceTree = "<group>"; };
		DC48018A2535B68C00C99264 /* MovieDetailVM.swift */ = {isa = PBXFileReference; lastKnownFileType = sourcecode.swift; path = MovieDetailVM.swift; sourceTree = "<group>"; };
		DC48018F2535B69200C99264 /* MovieDetailVC.swift */ = {isa = PBXFileReference; lastKnownFileType = sourcecode.swift; path = MovieDetailVC.swift; sourceTree = "<group>"; };
/* End PBXFileReference section */

/* Begin PBXFrameworksBuildPhase section */
		DC4800EF2535A3CD00C99264 /* Frameworks */ = {
			isa = PBXFrameworksBuildPhase;
			buildActionMask = 2147483647;
			files = (
				DC48013C2535A57C00C99264 /* RxMoya in Frameworks */,
				DC4801422535A59300C99264 /* RxFlow in Frameworks */,
				DC4801322535A53400C99264 /* RxRelay in Frameworks */,
				DC4801302535A53400C99264 /* RxCocoa in Frameworks */,
				DC4801772535ABF000C99264 /* Differentiator in Frameworks */,
				DC4801382535A57C00C99264 /* Moya in Frameworks */,
				DC4801792535ABF000C99264 /* RxDataSources in Frameworks */,
				DC48013A2535A57C00C99264 /* ReactiveMoya in Frameworks */,
				DC48012E2535A53300C99264 /* RxSwift in Frameworks */,
				DC48017F2535AC3F00C99264 /* SnapKit in Frameworks */,
			);
			runOnlyForDeploymentPostprocessing = 0;
		};
		DC4801052535A3CF00C99264 /* Frameworks */ = {
			isa = PBXFrameworksBuildPhase;
			buildActionMask = 2147483647;
			files = (
			);
			runOnlyForDeploymentPostprocessing = 0;
		};
		DC4801102535A3CF00C99264 /* Frameworks */ = {
			isa = PBXFrameworksBuildPhase;
			buildActionMask = 2147483647;
			files = (
			);
			runOnlyForDeploymentPostprocessing = 0;
		};
/* End PBXFrameworksBuildPhase section */

/* Begin PBXGroup section */
		DC4800E92535A3CD00C99264 = {
			isa = PBXGroup;
			children = (
				DC4800F42535A3CD00C99264 /* MVVM */,
				DC48010B2535A3CF00C99264 /* MVVMTests */,
				DC4801162535A3CF00C99264 /* MVVMUITests */,
				DC4800F32535A3CD00C99264 /* Products */,
			);
			sourceTree = "<group>";
		};
		DC4800F32535A3CD00C99264 /* Products */ = {
			isa = PBXGroup;
			children = (
				DC4800F22535A3CD00C99264 /* MVVM.app */,
				DC4801082535A3CF00C99264 /* MVVMTests.xctest */,
				DC4801132535A3CF00C99264 /* MVVMUITests.xctest */,
			);
			name = Products;
			sourceTree = "<group>";
		};
		DC4800F42535A3CD00C99264 /* MVVM */ = {
			isa = PBXGroup;
			children = (
				DC4800F52535A3CD00C99264 /* AppDelegate.swift */,
				DC4800F72535A3CD00C99264 /* SceneDelegate.swift */,
				DC4801522535A7FF00C99264 /* Services */,
				DC4801472535A7BF00C99264 /* Flows */,
				DC4800F92535A3CD00C99264 /* ViewController.swift */,
				DC48012B2535A4CB00C99264 /* Resources */,
			);
			path = MVVM;
			sourceTree = "<group>";
		};
		DC48010B2535A3CF00C99264 /* MVVMTests */ = {
			isa = PBXGroup;
			children = (
				DC48010C2535A3CF00C99264 /* MVVMTests.swift */,
				DC48010E2535A3CF00C99264 /* Info.plist */,
			);
			path = MVVMTests;
			sourceTree = "<group>";
		};
		DC4801162535A3CF00C99264 /* MVVMUITests */ = {
			isa = PBXGroup;
			children = (
				DC4801172535A3CF00C99264 /* MVVMUITests.swift */,
				DC4801192535A3CF00C99264 /* Info.plist */,
			);
			path = MVVMUITests;
			sourceTree = "<group>";
		};
		DC48012B2535A4CB00C99264 /* Resources */ = {
			isa = PBXGroup;
			children = (
				DC4800FB2535A3CD00C99264 /* Main.storyboard */,
				DC4800FE2535A3CF00C99264 /* Assets.xcassets */,
				DC4801002535A3CF00C99264 /* LaunchScreen.storyboard */,
				DC4801032535A3CF00C99264 /* Info.plist */,
			);
			name = Resources;
			sourceTree = "<group>";
		};
		DC4801472535A7BF00C99264 /* Flows */ = {
			isa = PBXGroup;
			children = (
				DC4801492535A7CF00C99264 /* App */,
				DC4801482535A7C500C99264 /* Dashboard */,
				DC4801892535B66A00C99264 /* MovieDetail */,
			);
			path = Flows;
			sourceTree = "<group>";
		};
		DC4801482535A7C500C99264 /* Dashboard */ = {
			isa = PBXGroup;
			children = (
				DC48016D2535A93D00C99264 /* DasboardVM.swift */,
				DC4801682535A93700C99264 /* DashboardVC.swift */,
			);
			path = Dashboard;
			sourceTree = "<group>";
		};
		DC4801492535A7CF00C99264 /* App */ = {
			isa = PBXGroup;
			children = (
				DC48015B2535A87500C99264 /* AppStep.swift */,
				DC48014A2535A7D700C99264 /* AppFlow.swift */,
				DC4801562535A81A00C99264 /* AppStepper.swift */,
			);
			path = App;
			sourceTree = "<group>";
		};
		DC4801522535A7FF00C99264 /* Services */ = {
			isa = PBXGroup;
			children = (
				DC4801942535BA8F00C99264 /* Movies */,
				DC4801632535A90D00C99264 /* AppServices.swift */,
			);
			path = Services;
			sourceTree = "<group>";
		};
		DC4801892535B66A00C99264 /* MovieDetail */ = {
			isa = PBXGroup;
			children = (
				DC48018A2535B68C00C99264 /* MovieDetailVM.swift */,
				DC48018F2535B69200C99264 /* MovieDetailVC.swift */,
			);
			path = MovieDetail;
			sourceTree = "<group>";
		};
		DC4801942535BA8F00C99264 /* Movies */ = {
			isa = PBXGroup;
			children = (
			);
			path = Movies;
			sourceTree = "<group>";
		};
/* End PBXGroup section */

/* Begin PBXNativeTarget section */
		DC4800F12535A3CD00C99264 /* MVVM */ = {
			isa = PBXNativeTarget;
			buildConfigurationList = DC48011C2535A3CF00C99264 /* Build configuration list for PBXNativeTarget "MVVM" */;
			buildPhases = (
				DC4800EE2535A3CD00C99264 /* Sources */,
				DC4800EF2535A3CD00C99264 /* Frameworks */,
				DC4800F02535A3CD00C99264 /* Resources */,
			);
			buildRules = (
			);
			dependencies = (
			);
			name = MVVM;
			packageProductDependencies = (
				DC48012D2535A53300C99264 /* RxSwift */,
				DC48012F2535A53400C99264 /* RxCocoa */,
				DC4801312535A53400C99264 /* RxRelay */,
				DC4801372535A57C00C99264 /* Moya */,
				DC4801392535A57C00C99264 /* ReactiveMoya */,
				DC48013B2535A57C00C99264 /* RxMoya */,
				DC4801412535A59300C99264 /* RxFlow */,
				DC4801762535ABF000C99264 /* Differentiator */,
				DC4801782535ABF000C99264 /* RxDataSources */,
				DC48017E2535AC3F00C99264 /* SnapKit */,
			);
			productName = MVVM;
			productReference = DC4800F22535A3CD00C99264 /* MVVM.app */;
			productType = "com.apple.product-type.application";
		};
		DC4801072535A3CF00C99264 /* MVVMTests */ = {
			isa = PBXNativeTarget;
			buildConfigurationList = DC48011F2535A3CF00C99264 /* Build configuration list for PBXNativeTarget "MVVMTests" */;
			buildPhases = (
				DC4801042535A3CF00C99264 /* Sources */,
				DC4801052535A3CF00C99264 /* Frameworks */,
				DC4801062535A3CF00C99264 /* Resources */,
			);
			buildRules = (
			);
			dependencies = (
				DC48010A2535A3CF00C99264 /* PBXTargetDependency */,
			);
			name = MVVMTests;
			productName = MVVMTests;
			productReference = DC4801082535A3CF00C99264 /* MVVMTests.xctest */;
			productType = "com.apple.product-type.bundle.unit-test";
		};
		DC4801122535A3CF00C99264 /* MVVMUITests */ = {
			isa = PBXNativeTarget;
			buildConfigurationList = DC4801222535A3CF00C99264 /* Build configuration list for PBXNativeTarget "MVVMUITests" */;
			buildPhases = (
				DC48010F2535A3CF00C99264 /* Sources */,
				DC4801102535A3CF00C99264 /* Frameworks */,
				DC4801112535A3CF00C99264 /* Resources */,
			);
			buildRules = (
			);
			dependencies = (
				DC4801152535A3CF00C99264 /* PBXTargetDependency */,
			);
			name = MVVMUITests;
			productName = MVVMUITests;
			productReference = DC4801132535A3CF00C99264 /* MVVMUITests.xctest */;
			productType = "com.apple.product-type.bundle.ui-testing";
		};
/* End PBXNativeTarget section */

/* Begin PBXProject section */
		DC4800EA2535A3CD00C99264 /* Project object */ = {
			isa = PBXProject;
			attributes = {
				LastSwiftUpdateCheck = 1200;
				LastUpgradeCheck = 1200;
				TargetAttributes = {
					DC4800F12535A3CD00C99264 = {
						CreatedOnToolsVersion = 12.0.1;
					};
					DC4801072535A3CF00C99264 = {
						CreatedOnToolsVersion = 12.0.1;
						TestTargetID = DC4800F12535A3CD00C99264;
					};
					DC4801122535A3CF00C99264 = {
						CreatedOnToolsVersion = 12.0.1;
						TestTargetID = DC4800F12535A3CD00C99264;
					};
				};
			};
			buildConfigurationList = DC4800ED2535A3CD00C99264 /* Build configuration list for PBXProject "MVVM" */;
			compatibilityVersion = "Xcode 9.3";
			developmentRegion = en;
			hasScannedForEncodings = 0;
			knownRegions = (
				en,
				Base,
			);
			mainGroup = DC4800E92535A3CD00C99264;
			packageReferences = (
				DC48012C2535A53300C99264 /* XCRemoteSwiftPackageReference "RxSwift" */,
				DC4801362535A57C00C99264 /* XCRemoteSwiftPackageReference "Moya" */,
				DC4801402535A59300C99264 /* XCRemoteSwiftPackageReference "RxFlow" */,
				DC4801752535ABF000C99264 /* XCRemoteSwiftPackageReference "RxDataSources" */,
				DC48017D2535AC3F00C99264 /* XCRemoteSwiftPackageReference "SnapKit" */,
			);
			productRefGroup = DC4800F32535A3CD00C99264 /* Products */;
			projectDirPath = "";
			projectRoot = "";
			targets = (
				DC4800F12535A3CD00C99264 /* MVVM */,
				DC4801072535A3CF00C99264 /* MVVMTests */,
				DC4801122535A3CF00C99264 /* MVVMUITests */,
			);
		};
/* End PBXProject section */

/* Begin PBXResourcesBuildPhase section */
		DC4800F02535A3CD00C99264 /* Resources */ = {
			isa = PBXResourcesBuildPhase;
			buildActionMask = 2147483647;
			files = (
				DC4801022535A3CF00C99264 /* LaunchScreen.storyboard in Resources */,
				DC4800FF2535A3CF00C99264 /* Assets.xcassets in Resources */,
				DC4800FD2535A3CD00C99264 /* Main.storyboard in Resources */,
			);
			runOnlyForDeploymentPostprocessing = 0;
		};
		DC4801062535A3CF00C99264 /* Resources */ = {
			isa = PBXResourcesBuildPhase;
			buildActionMask = 2147483647;
			files = (
			);
			runOnlyForDeploymentPostprocessing = 0;
		};
		DC4801112535A3CF00C99264 /* Resources */ = {
			isa = PBXResourcesBuildPhase;
			buildActionMask = 2147483647;
			files = (
			);
			runOnlyForDeploymentPostprocessing = 0;
		};
/* End PBXResourcesBuildPhase section */

/* Begin PBXSourcesBuildPhase section */
		DC4800EE2535A3CD00C99264 /* Sources */ = {
			isa = PBXSourcesBuildPhase;
			buildActionMask = 2147483647;
			files = (
				DC4800FA2535A3CD00C99264 /* ViewController.swift in Sources */,
				DC48015C2535A87500C99264 /* AppStep.swift in Sources */,
				DC4801642535A90D00C99264 /* AppServices.swift in Sources */,
				DC48014B2535A7D700C99264 /* AppFlow.swift in Sources */,
				DC48018B2535B68C00C99264 /* MovieDetailVM.swift in Sources */,
				DC4801902535B69200C99264 /* MovieDetailVC.swift in Sources */,
				DC4801572535A81A00C99264 /* AppStepper.swift in Sources */,
				DC48016E2535A93D00C99264 /* DasboardVM.swift in Sources */,
				DC4801692535A93800C99264 /* DashboardVC.swift in Sources */,
				DC4800F62535A3CD00C99264 /* AppDelegate.swift in Sources */,
				DC4800F82535A3CD00C99264 /* SceneDelegate.swift in Sources */,
			);
			runOnlyForDeploymentPostprocessing = 0;
		};
		DC4801042535A3CF00C99264 /* Sources */ = {
			isa = PBXSourcesBuildPhase;
			buildActionMask = 2147483647;
			files = (
				DC48010D2535A3CF00C99264 /* MVVMTests.swift in Sources */,
			);
			runOnlyForDeploymentPostprocessing = 0;
		};
		DC48010F2535A3CF00C99264 /* Sources */ = {
			isa = PBXSourcesBuildPhase;
			buildActionMask = 2147483647;
			files = (
				DC4801182535A3CF00C99264 /* MVVMUITests.swift in Sources */,
			);
			runOnlyForDeploymentPostprocessing = 0;
		};
/* End PBXSourcesBuildPhase section */

/* Begin PBXTargetDependency section */
		DC48010A2535A3CF00C99264 /* PBXTargetDependency */ = {
			isa = PBXTargetDependency;
			target = DC4800F12535A3CD00C99264 /* MVVM */;
			targetProxy = DC4801092535A3CF00C99264 /* PBXContainerItemProxy */;
		};
		DC4801152535A3CF00C99264 /* PBXTargetDependency */ = {
			isa = PBXTargetDependency;
			target = DC4800F12535A3CD00C99264 /* MVVM */;
			targetProxy = DC4801142535A3CF00C99264 /* PBXContainerItemProxy */;
		};
/* End PBXTargetDependency section */

/* Begin PBXVariantGroup section */
		DC4800FB2535A3CD00C99264 /* Main.storyboard */ = {
			isa = PBXVariantGroup;
			children = (
				DC4800FC2535A3CD00C99264 /* Base */,
			);
			name = Main.storyboard;
			sourceTree = "<group>";
		};
		DC4801002535A3CF00C99264 /* LaunchScreen.storyboard */ = {
			isa = PBXVariantGroup;
			children = (
				DC4801012535A3CF00C99264 /* Base */,
			);
			name = LaunchScreen.storyboard;
			sourceTree = "<group>";
		};
/* End PBXVariantGroup section */

/* Begin XCBuildConfiguration section */
		DC48011A2535A3CF00C99264 /* Debug */ = {
			isa = XCBuildConfiguration;
			buildSettings = {
				ALWAYS_SEARCH_USER_PATHS = NO;
				CLANG_ANALYZER_NONNULL = YES;
				CLANG_ANALYZER_NUMBER_OBJECT_CONVERSION = YES_AGGRESSIVE;
				CLANG_CXX_LANGUAGE_STANDARD = "gnu++14";
				CLANG_CXX_LIBRARY = "libc++";
				CLANG_ENABLE_MODULES = YES;
				CLANG_ENABLE_OBJC_ARC = YES;
				CLANG_ENABLE_OBJC_WEAK = YES;
				CLANG_WARN_BLOCK_CAPTURE_AUTORELEASING = YES;
				CLANG_WARN_BOOL_CONVERSION = YES;
				CLANG_WARN_COMMA = YES;
				CLANG_WARN_CONSTANT_CONVERSION = YES;
				CLANG_WARN_DEPRECATED_OBJC_IMPLEMENTATIONS = YES;
				CLANG_WARN_DIRECT_OBJC_ISA_USAGE = YES_ERROR;
				CLANG_WARN_DOCUMENTATION_COMMENTS = YES;
				CLANG_WARN_EMPTY_BODY = YES;
				CLANG_WARN_ENUM_CONVERSION = YES;
				CLANG_WARN_INFINITE_RECURSION = YES;
				CLANG_WARN_INT_CONVERSION = YES;
				CLANG_WARN_NON_LITERAL_NULL_CONVERSION = YES;
				CLANG_WARN_OBJC_IMPLICIT_RETAIN_SELF = YES;
				CLANG_WARN_OBJC_LITERAL_CONVERSION = YES;
				CLANG_WARN_OBJC_ROOT_CLASS = YES_ERROR;
				CLANG_WARN_QUOTED_INCLUDE_IN_FRAMEWORK_HEADER = YES;
				CLANG_WARN_RANGE_LOOP_ANALYSIS = YES;
				CLANG_WARN_STRICT_PROTOTYPES = YES;
				CLANG_WARN_SUSPICIOUS_MOVE = YES;
				CLANG_WARN_UNGUARDED_AVAILABILITY = YES_AGGRESSIVE;
				CLANG_WARN_UNREACHABLE_CODE = YES;
				CLANG_WARN__DUPLICATE_METHOD_MATCH = YES;
				COPY_PHASE_STRIP = NO;
				DEBUG_INFORMATION_FORMAT = dwarf;
				ENABLE_STRICT_OBJC_MSGSEND = YES;
				ENABLE_TESTABILITY = YES;
				GCC_C_LANGUAGE_STANDARD = gnu11;
				GCC_DYNAMIC_NO_PIC = NO;
				GCC_NO_COMMON_BLOCKS = YES;
				GCC_OPTIMIZATION_LEVEL = 0;
				GCC_PREPROCESSOR_DEFINITIONS = (
					"DEBUG=1",
					"$(inherited)",
				);
				GCC_WARN_64_TO_32_BIT_CONVERSION = YES;
				GCC_WARN_ABOUT_RETURN_TYPE = YES_ERROR;
				GCC_WARN_UNDECLARED_SELECTOR = YES;
				GCC_WARN_UNINITIALIZED_AUTOS = YES_AGGRESSIVE;
				GCC_WARN_UNUSED_FUNCTION = YES;
				GCC_WARN_UNUSED_VARIABLE = YES;
				IPHONEOS_DEPLOYMENT_TARGET = 14.0;
				MTL_ENABLE_DEBUG_INFO = INCLUDE_SOURCE;
				MTL_FAST_MATH = YES;
				ONLY_ACTIVE_ARCH = YES;
				SDKROOT = iphoneos;
				SWIFT_ACTIVE_COMPILATION_CONDITIONS = DEBUG;
				SWIFT_OPTIMIZATION_LEVEL = "-Onone";
			};
			name = Debug;
		};
		DC48011B2535A3CF00C99264 /* Release */ = {
			isa = XCBuildConfiguration;
			buildSettings = {
				ALWAYS_SEARCH_USER_PATHS = NO;
				CLANG_ANALYZER_NONNULL = YES;
				CLANG_ANALYZER_NUMBER_OBJECT_CONVERSION = YES_AGGRESSIVE;
				CLANG_CXX_LANGUAGE_STANDARD = "gnu++14";
				CLANG_CXX_LIBRARY = "libc++";
				CLANG_ENABLE_MODULES = YES;
				CLANG_ENABLE_OBJC_ARC = YES;
				CLANG_ENABLE_OBJC_WEAK = YES;
				CLANG_WARN_BLOCK_CAPTURE_AUTORELEASING = YES;
				CLANG_WARN_BOOL_CONVERSION = YES;
				CLANG_WARN_COMMA = YES;
				CLANG_WARN_CONSTANT_CONVERSION = YES;
				CLANG_WARN_DEPRECATED_OBJC_IMPLEMENTATIONS = YES;
				CLANG_WARN_DIRECT_OBJC_ISA_USAGE = YES_ERROR;
				CLANG_WARN_DOCUMENTATION_COMMENTS = YES;
				CLANG_WARN_EMPTY_BODY = YES;
				CLANG_WARN_ENUM_CONVERSION = YES;
				CLANG_WARN_INFINITE_RECURSION = YES;
				CLANG_WARN_INT_CONVERSION = YES;
				CLANG_WARN_NON_LITERAL_NULL_CONVERSION = YES;
				CLANG_WARN_OBJC_IMPLICIT_RETAIN_SELF = YES;
				CLANG_WARN_OBJC_LITERAL_CONVERSION = YES;
				CLANG_WARN_OBJC_ROOT_CLASS = YES_ERROR;
				CLANG_WARN_QUOTED_INCLUDE_IN_FRAMEWORK_HEADER = YES;
				CLANG_WARN_RANGE_LOOP_ANALYSIS = YES;
				CLANG_WARN_STRICT_PROTOTYPES = YES;
				CLANG_WARN_SUSPICIOUS_MOVE = YES;
				CLANG_WARN_UNGUARDED_AVAILABILITY = YES_AGGRESSIVE;
				CLANG_WARN_UNREACHABLE_CODE = YES;
				CLANG_WARN__DUPLICATE_METHOD_MATCH = YES;
				COPY_PHASE_STRIP = NO;
				DEBUG_INFORMATION_FORMAT = "dwarf-with-dsym";
				ENABLE_NS_ASSERTIONS = NO;
				ENABLE_STRICT_OBJC_MSGSEND = YES;
				GCC_C_LANGUAGE_STANDARD = gnu11;
				GCC_NO_COMMON_BLOCKS = YES;
				GCC_WARN_64_TO_32_BIT_CONVERSION = YES;
				GCC_WARN_ABOUT_RETURN_TYPE = YES_ERROR;
				GCC_WARN_UNDECLARED_SELECTOR = YES;
				GCC_WARN_UNINITIALIZED_AUTOS = YES_AGGRESSIVE;
				GCC_WARN_UNUSED_FUNCTION = YES;
				GCC_WARN_UNUSED_VARIABLE = YES;
				IPHONEOS_DEPLOYMENT_TARGET = 14.0;
				MTL_ENABLE_DEBUG_INFO = NO;
				MTL_FAST_MATH = YES;
				SDKROOT = iphoneos;
				SWIFT_COMPILATION_MODE = wholemodule;
				SWIFT_OPTIMIZATION_LEVEL = "-O";
				VALIDATE_PRODUCT = YES;
			};
			name = Release;
		};
		DC48011D2535A3CF00C99264 /* Debug */ = {
			isa = XCBuildConfiguration;
			buildSettings = {
				ASSETCATALOG_COMPILER_APPICON_NAME = AppIcon;
				ASSETCATALOG_COMPILER_GLOBAL_ACCENT_COLOR_NAME = AccentColor;
				CODE_SIGN_STYLE = Automatic;
				INFOPLIST_FILE = MVVM/Info.plist;
				LD_RUNPATH_SEARCH_PATHS = (
					"$(inherited)",
					"@executable_path/Frameworks",
				);
				PRODUCT_BUNDLE_IDENTIFIER = com.laubengaier.MVVM;
				PRODUCT_NAME = "$(TARGET_NAME)";
				SWIFT_VERSION = 5.0;
				TARGETED_DEVICE_FAMILY = "1,2";
			};
			name = Debug;
		};
		DC48011E2535A3CF00C99264 /* Release */ = {
			isa = XCBuildConfiguration;
			buildSettings = {
				ASSETCATALOG_COMPILER_APPICON_NAME = AppIcon;
				ASSETCATALOG_COMPILER_GLOBAL_ACCENT_COLOR_NAME = AccentColor;
				CODE_SIGN_STYLE = Automatic;
				INFOPLIST_FILE = MVVM/Info.plist;
				LD_RUNPATH_SEARCH_PATHS = (
					"$(inherited)",
					"@executable_path/Frameworks",
				);
				PRODUCT_BUNDLE_IDENTIFIER = com.laubengaier.MVVM;
				PRODUCT_NAME = "$(TARGET_NAME)";
				SWIFT_VERSION = 5.0;
				TARGETED_DEVICE_FAMILY = "1,2";
			};
			name = Release;
		};
		DC4801202535A3CF00C99264 /* Debug */ = {
			isa = XCBuildConfiguration;
			buildSettings = {
				ALWAYS_EMBED_SWIFT_STANDARD_LIBRARIES = YES;
				BUNDLE_LOADER = "$(TEST_HOST)";
				CODE_SIGN_STYLE = Automatic;
				INFOPLIST_FILE = MVVMTests/Info.plist;
				IPHONEOS_DEPLOYMENT_TARGET = 14.0;
				LD_RUNPATH_SEARCH_PATHS = (
					"$(inherited)",
					"@executable_path/Frameworks",
					"@loader_path/Frameworks",
				);
				PRODUCT_BUNDLE_IDENTIFIER = com.laubengaier.MVVMTests;
				PRODUCT_NAME = "$(TARGET_NAME)";
				SWIFT_VERSION = 5.0;
				TARGETED_DEVICE_FAMILY = "1,2";
				TEST_HOST = "$(BUILT_PRODUCTS_DIR)/MVVM.app/MVVM";
			};
			name = Debug;
		};
		DC4801212535A3CF00C99264 /* Release */ = {
			isa = XCBuildConfiguration;
			buildSettings = {
				ALWAYS_EMBED_SWIFT_STANDARD_LIBRARIES = YES;
				BUNDLE_LOADER = "$(TEST_HOST)";
				CODE_SIGN_STYLE = Automatic;
				INFOPLIST_FILE = MVVMTests/Info.plist;
				IPHONEOS_DEPLOYMENT_TARGET = 14.0;
				LD_RUNPATH_SEARCH_PATHS = (
					"$(inherited)",
					"@executable_path/Frameworks",
					"@loader_path/Frameworks",
				);
				PRODUCT_BUNDLE_IDENTIFIER = com.laubengaier.MVVMTests;
				PRODUCT_NAME = "$(TARGET_NAME)";
				SWIFT_VERSION = 5.0;
				TARGETED_DEVICE_FAMILY = "1,2";
				TEST_HOST = "$(BUILT_PRODUCTS_DIR)/MVVM.app/MVVM";
			};
			name = Release;
		};
		DC4801232535A3CF00C99264 /* Debug */ = {
			isa = XCBuildConfiguration;
			buildSettings = {
				ALWAYS_EMBED_SWIFT_STANDARD_LIBRARIES = YES;
				CODE_SIGN_STYLE = Automatic;
				INFOPLIST_FILE = MVVMUITests/Info.plist;
				LD_RUNPATH_SEARCH_PATHS = (
					"$(inherited)",
					"@executable_path/Frameworks",
					"@loader_path/Frameworks",
				);
				PRODUCT_BUNDLE_IDENTIFIER = com.laubengaier.MVVMUITests;
				PRODUCT_NAME = "$(TARGET_NAME)";
				SWIFT_VERSION = 5.0;
				TARGETED_DEVICE_FAMILY = "1,2";
				TEST_TARGET_NAME = MVVM;
			};
			name = Debug;
		};
		DC4801242535A3CF00C99264 /* Release */ = {
			isa = XCBuildConfiguration;
			buildSettings = {
				ALWAYS_EMBED_SWIFT_STANDARD_LIBRARIES = YES;
				CODE_SIGN_STYLE = Automatic;
				INFOPLIST_FILE = MVVMUITests/Info.plist;
				LD_RUNPATH_SEARCH_PATHS = (
					"$(inherited)",
					"@executable_path/Frameworks",
					"@loader_path/Frameworks",
				);
				PRODUCT_BUNDLE_IDENTIFIER = com.laubengaier.MVVMUITests;
				PRODUCT_NAME = "$(TARGET_NAME)";
				SWIFT_VERSION = 5.0;
				TARGETED_DEVICE_FAMILY = "1,2";
				TEST_TARGET_NAME = MVVM;
			};
			name = Release;
		};
/* End XCBuildConfiguration section */

/* Begin XCConfigurationList section */
		DC4800ED2535A3CD00C99264 /* Build configuration list for PBXProject "MVVM" */ = {
			isa = XCConfigurationList;
			buildConfigurations = (
				DC48011A2535A3CF00C99264 /* Debug */,
				DC48011B2535A3CF00C99264 /* Release */,
			);
			defaultConfigurationIsVisible = 0;
			defaultConfigurationName = Release;
		};
		DC48011C2535A3CF00C99264 /* Build configuration list for PBXNativeTarget "MVVM" */ = {
			isa = XCConfigurationList;
			buildConfigurations = (
				DC48011D2535A3CF00C99264 /* Debug */,
				DC48011E2535A3CF00C99264 /* Release */,
			);
			defaultConfigurationIsVisible = 0;
			defaultConfigurationName = Release;
		};
		DC48011F2535A3CF00C99264 /* Build configuration list for PBXNativeTarget "MVVMTests" */ = {
			isa = XCConfigurationList;
			buildConfigurations = (
				DC4801202535A3CF00C99264 /* Debug */,
				DC4801212535A3CF00C99264 /* Release */,
			);
			defaultConfigurationIsVisible = 0;
			defaultConfigurationName = Release;
		};
		DC4801222535A3CF00C99264 /* Build configuration list for PBXNativeTarget "MVVMUITests" */ = {
			isa = XCConfigurationList;
			buildConfigurations = (
				DC4801232535A3CF00C99264 /* Debug */,
				DC4801242535A3CF00C99264 /* Release */,
			);
			defaultConfigurationIsVisible = 0;
			defaultConfigurationName = Release;
		};
/* End XCConfigurationList section */

/* Begin XCRemoteSwiftPackageReference section */
		DC48012C2535A53300C99264 /* XCRemoteSwiftPackageReference "RxSwift" */ = {
			isa = XCRemoteSwiftPackageReference;
			repositoryURL = "https://github.com/ReactiveX/RxSwift";
			requirement = {
				kind = upToNextMajorVersion;
				minimumVersion = 5.1.1;
			};
		};
		DC4801362535A57C00C99264 /* XCRemoteSwiftPackageReference "Moya" */ = {
			isa = XCRemoteSwiftPackageReference;
			repositoryURL = "https://github.com/Moya/Moya";
			requirement = {
				kind = upToNextMajorVersion;
				minimumVersion = 14.0.0;
			};
		};
		DC4801402535A59300C99264 /* XCRemoteSwiftPackageReference "RxFlow" */ = {
			isa = XCRemoteSwiftPackageReference;
			repositoryURL = "https://github.com/RxSwiftCommunity/RxFlow";
			requirement = {
				kind = upToNextMajorVersion;
				minimumVersion = 2.11.0;
			};
		};
		DC4801752535ABF000C99264 /* XCRemoteSwiftPackageReference "RxDataSources" */ = {
			isa = XCRemoteSwiftPackageReference;
			repositoryURL = "https://github.com/RxSwiftCommunity/RxDataSources";
			requirement = {
				kind = upToNextMajorVersion;
				minimumVersion = 4.0.1;
			};
		};
		DC48017D2535AC3F00C99264 /* XCRemoteSwiftPackageReference "SnapKit" */ = {
			isa = XCRemoteSwiftPackageReference;
			repositoryURL = "https://github.com/SnapKit/SnapKit";
			requirement = {
				kind = upToNextMajorVersion;
				minimumVersion = 5.0.1;
			};
		};
/* End XCRemoteSwiftPackageReference section */

/* Begin XCSwiftPackageProductDependency section */
		DC48012D2535A53300C99264 /* RxSwift */ = {
			isa = XCSwiftPackageProductDependency;
			package = DC48012C2535A53300C99264 /* XCRemoteSwiftPackageReference "RxSwift" */;
			productName = RxSwift;
		};
		DC48012F2535A53400C99264 /* RxCocoa */ = {
			isa = XCSwiftPackageProductDependency;
			package = DC48012C2535A53300C99264 /* XCRemoteSwiftPackageReference "RxSwift" */;
			productName = RxCocoa;
		};
		DC4801312535A53400C99264 /* RxRelay */ = {
			isa = XCSwiftPackageProductDependency;
			package = DC48012C2535A53300C99264 /* XCRemoteSwiftPackageReference "RxSwift" */;
			productName = RxRelay;
		};
		DC4801372535A57C00C99264 /* Moya */ = {
			isa = XCSwiftPackageProductDependency;
			package = DC4801362535A57C00C99264 /* XCRemoteSwiftPackageReference "Moya" */;
			productName = Moya;
		};
		DC4801392535A57C00C99264 /* ReactiveMoya */ = {
			isa = XCSwiftPackageProductDependency;
			package = DC4801362535A57C00C99264 /* XCRemoteSwiftPackageReference "Moya" */;
			productName = ReactiveMoya;
		};
		DC48013B2535A57C00C99264 /* RxMoya */ = {
			isa = XCSwiftPackageProductDependency;
			package = DC4801362535A57C00C99264 /* XCRemoteSwiftPackageReference "Moya" */;
			productName = RxMoya;
		};
		DC4801412535A59300C99264 /* RxFlow */ = {
			isa = XCSwiftPackageProductDependency;
			package = DC4801402535A59300C99264 /* XCRemoteSwiftPackageReference "RxFlow" */;
			productName = RxFlow;
		};
		DC4801762535ABF000C99264 /* Differentiator */ = {
			isa = XCSwiftPackageProductDependency;
			package = DC4801752535ABF000C99264 /* XCRemoteSwiftPackageReference "RxDataSources" */;
			productName = Differentiator;
		};
		DC4801782535ABF000C99264 /* RxDataSources */ = {
			isa = XCSwiftPackageProductDependency;
			package = DC4801752535ABF000C99264 /* XCRemoteSwiftPackageReference "RxDataSources" */;
			productName = RxDataSources;
		};
		DC48017E2535AC3F00C99264 /* SnapKit */ = {
			isa = XCSwiftPackageProductDependency;
			package = DC48017D2535AC3F00C99264 /* XCRemoteSwiftPackageReference "SnapKit" */;
			productName = SnapKit;
		};
/* End XCSwiftPackageProductDependency section */
	};
	rootObject = DC4800EA2535A3CD00C99264 /* Project object */;
}
